
Microsoft Visual Studio Solution File, Format Version 12.00
# Visual Studio Version 16
VisualStudioVersion = 16.0.30621.155
MinimumVisualStudioVersion = 10.0.40219.1
Project("{8BC9CEB8-8B4A-11D0-8D11-00A0C91BC942}") = "Lab_2_MPI", "Lab_2_MPI\Lab_2_MPI.vcxproj", "{D618C5E0-29FB-4D12-ABAE-6E9724C2ADA5}"
EndProject
Global
	GlobalSection(SolutionConfigurationPlatforms) = preSolution
		Debug|x64 = Debug|x64
		Debug|x86 = Debug|x86
		Release|x64 = Release|x64
		Release|x86 = Release|x86
	EndGlobalSection
	GlobalSection(ProjectConfigurationPlatforms) = postSolution
		{D618C5E0-29FB-4D12-ABAE-6E9724C2ADA5}.Debug|x64.ActiveCfg = Debug|x64
		{D618C5E0-29FB-4D12-ABAE-6E9724C2ADA5}.Debug|x64.Build.0 = Debug|x64
		{D618C5E0-29FB-4D12-ABAE-6E9724C2ADA5}.Debug|x86.ActiveCfg = Debug|Win32
		{D618C5E0-29FB-4D12-ABAE-6E9724C2ADA5}.Debug|x86.Build.0 = Debug|Win32
		{D618C5E0-29FB-4D12-ABAE-6E9724C2ADA5}.Release|x64.ActiveCfg = Release|x64
		{D618C5E0-29FB-4D12-ABAE-6E9724C2ADA5}.Release|x64.Build.0 = Release|x64
		{D618C5E0-29FB-4D12-ABAE-6E9724C2ADA5}.Release|x86.ActiveCfg = Release|Win32
		{D618C5E0-29FB-4D12-ABAE-6E9724C2ADA5}.Release|x86.Build.0 = Release|Win32
	EndGlobalSection
	GlobalSection(SolutionProperties) = preSolution
		HideSolutionNode = FALSE
	EndGlobalSection
	GlobalSection(ExtensibilityGlobals) = postSolution
		SolutionGuid = {BA6E4417-6017-478D-B79A-4504CB1E3ADB}
	EndGlobalSection
EndGlobal
